
Microsoft Visual Studio Solution File, Format Version 12.00
# Visual Studio Version 16
VisualStudioVersion = 16.0.29519.87
MinimumVisualStudioVersion = 10.0.40219.1
Project("{FAE04EC0-301F-11D3-BF4B-00C04F79EFBC}") = "DataStructures", "DataStructures.csproj", "{96507B50-AD28-4313-A754-5470F31F47D9}"
EndProject
Global
	GlobalSection(SolutionConfigurationPlatforms) = preSolution
		Debug|Any CPU = Debug|Any CPU
		Release|Any CPU = Release|Any CPU
	EndGlobalSection
	GlobalSection(ProjectConfigurationPlatforms) = postSolution
		{96507B50-AD28-4313-A754-5470F31F47D9}.Debug|Any CPU.ActiveCfg = Debug|Any CPU
		{96507B50-AD28-4313-A754-5470F31F47D9}.Debug|Any CPU.Build.0 = Debug|Any CPU
		{96507B50-AD28-4313-A754-5470F31F47D9}.Release|Any CPU.ActiveCfg = Release|Any CPU
		{96507B50-AD28-4313-A754-5470F31F47D9}.Release|Any CPU.Build.0 = Release|Any CPU
	EndGlobalSection
	GlobalSection(SolutionProperties) = preSolution
		HideSolutionNode = FALSE
	EndGlobalSection
	GlobalSection(ExtensibilityGlobals) = postSolution
		SolutionGuid = {6D1E9445-83F4-495B-B5B4-EE2F60038CC0}
	EndGlobalSection
EndGlobal
